
Microsoft Visual Studio Solution File, Format Version 12.00
# Visual Studio Version 17
VisualStudioVersion = 17.5.33530.505
MinimumVisualStudioVersion = 10.0.40219.1
Project("{8BC9CEB8-8B4A-11D0-8D11-00A0C91BC942}") = "PCD2RE", "PCD2RE\PCD2RE.vcxproj", "{1DB90BFA-AA91-4AEA-AED6-E3973409D845}"
EndProject
Global
	GlobalSection(SolutionConfigurationPlatforms) = preSolution
		Debug|x64 = Debug|x64
		Debug|x86 = Debug|x86
		Release|x64 = Release|x64
		Release|x86 = Release|x86
	EndGlobalSection
	GlobalSection(ProjectConfigurationPlatforms) = postSolution
		{1DB90BFA-AA91-4AEA-AED6-E3973409D845}.Debug|x64.ActiveCfg = Debug|x64
		{1DB90BFA-AA91-4AEA-AED6-E3973409D845}.Debug|x64.Build.0 = Debug|x64
		{1DB90BFA-AA91-4AEA-AED6-E3973409D845}.Debug|x86.ActiveCfg = Debug|Win32
		{1DB90BFA-AA91-4AEA-AED6-E3973409D845}.Debug|x86.Build.0 = Debug|Win32
		{1DB90BFA-AA91-4AEA-AED6-E3973409D845}.Release|x64.ActiveCfg = Release|x64
		{1DB90BFA-AA91-4AEA-AED6-E3973409D845}.Release|x64.Build.0 = Release|x64
		{1DB90BFA-AA91-4AEA-AED6-E3973409D845}.Release|x86.ActiveCfg = Release|Win32
		{1DB90BFA-AA91-4AEA-AED6-E3973409D845}.Release|x86.Build.0 = Release|Win32
	EndGlobalSection
	GlobalSection(SolutionProperties) = preSolution
		HideSolutionNode = FALSE
	EndGlobalSection
	GlobalSection(ExtensibilityGlobals) = postSolution
		SolutionGuid = {A883AD00-668D-4B21-AA75-CADA3BB9969A}
	EndGlobalSection
EndGlobal
